{
  "requires": true,
  "lockfileVersion": 1,
  "dependencies": {
    "gsap": {
      "version": "1.20.6",
      "resolved": "https://registry.npmjs.org/gsap/-/gsap-1.20.6.tgz",
      "integrity": "sha512-XM2BdaoJP23KSg/u4FnsqVI+HI7/jcVZbHFU8JfzNLvPCF08yf4a/WRFP/lQ5gbWydpL7g/YKjPe/PMpw+5WJQ=="
    },
    "jquery": {
      "version": "3.5.1",
      "resolved": "https://registry.npmjs.org/jquery/-/jquery-3.5.1.tgz",
      "integrity": "sha512-XwIBPqcMn57FxfT+Go5pzySnm4KWkT1Tv7gjrpT1srtf8Weynl6R273VJ5GjkRb51IzMp5nbaPjJXMWeju2MKg=="
    },
    "parallax_background": {
      "version": "1.0.9",
      "resolved": "https://registry.npmjs.org/parallax_background/-/parallax_background-1.0.9.tgz",
      "integrity": "sha512-/fjGw1IKeqNnOaMHM7oCM69+3Sg/xDMStHoXvm2p5EpcrsuWqBerGgxCKZlxMTSv3ijX0ht7a689MarlXppb0Q==",
      "requires": {
        "gsap": "^1.20.2",
        "jquery": ">=1.7"
      }
    }
  }
}
